
Microsoft Visual Studio Solution File, Format Version 12.00
# Visual Studio Version 16
VisualStudioVersion = 16.0.30804.86
MinimumVisualStudioVersion = 10.0.40219.1
Project("{2150E333-8FDC-42A3-9474-1A3956D46DE8}") = "src", "src", "{440F6069-9FD3-498A-897A-DC3C75F0087C}"
EndProject
Project("{FAE04EC0-301F-11D3-BF4B-00C04F79EFBC}") = "Odyssea", "Odyssea\Odyssea.csproj", "{E27DDBCB-BA32-4F4F-B5F1-482ACCD279F9}"
EndProject
Global
	GlobalSection(SolutionConfigurationPlatforms) = preSolution
		Debug|Any CPU = Debug|Any CPU
		Release|Any CPU = Release|Any CPU
	EndGlobalSection
	GlobalSection(ProjectConfigurationPlatforms) = postSolution
		{E27DDBCB-BA32-4F4F-B5F1-482ACCD279F9}.Debug|Any CPU.ActiveCfg = Debug|Any CPU
		{E27DDBCB-BA32-4F4F-B5F1-482ACCD279F9}.Debug|Any CPU.Build.0 = Debug|Any CPU
		{E27DDBCB-BA32-4F4F-B5F1-482ACCD279F9}.Release|Any CPU.ActiveCfg = Release|Any CPU
		{E27DDBCB-BA32-4F4F-B5F1-482ACCD279F9}.Release|Any CPU.Build.0 = Release|Any CPU
	EndGlobalSection
	GlobalSection(SolutionProperties) = preSolution
		HideSolutionNode = FALSE
	EndGlobalSection
	GlobalSection(NestedProjects) = preSolution
		{E27DDBCB-BA32-4F4F-B5F1-482ACCD279F9} = {440F6069-9FD3-498A-897A-DC3C75F0087C}
	EndGlobalSection
	GlobalSection(ExtensibilityGlobals) = postSolution
		SolutionGuid = {E4CDED52-16C8-47A3-A3FF-F8BD76C79A9B}
	EndGlobalSection
EndGlobal
